
Microsoft Visual Studio Solution File, Format Version 12.00
# Visual Studio 15
VisualStudioVersion = 15.0.26228.9
MinimumVisualStudioVersion = 10.0.40219.1
Project("{FAE04EC0-301F-11D3-BF4B-00C04F79EFBC}") = "Organizer", "Organizer\Organizer.csproj", "{1631D0DE-A11B-401E-BDD9-5FE415DCD5C5}"
EndProject
Project("{FAE04EC0-301F-11D3-BF4B-00C04F79EFBC}") = "NotificationsOrganizer", "..\NotificationsOrganizer\NotificationsOrganizer\NotificationsOrganizer.csproj", "{FDBA0131-14FF-4207-B9D3-824C8AAFA1C8}"
	ProjectSection(ProjectDependencies) = postProject
		{1631D0DE-A11B-401E-BDD9-5FE415DCD5C5} = {1631D0DE-A11B-401E-BDD9-5FE415DCD5C5}
	EndProjectSection
EndProject
Global
	GlobalSection(SolutionConfigurationPlatforms) = preSolution
		Debug|Any CPU = Debug|Any CPU
		Debug|x86 = Debug|x86
		Release|Any CPU = Release|Any CPU
		Release|x86 = Release|x86
	EndGlobalSection
	GlobalSection(ProjectConfigurationPlatforms) = postSolution
		{1631D0DE-A11B-401E-BDD9-5FE415DCD5C5}.Debug|Any CPU.ActiveCfg = Debug|Any CPU
		{1631D0DE-A11B-401E-BDD9-5FE415DCD5C5}.Debug|Any CPU.Build.0 = Debug|Any CPU
		{1631D0DE-A11B-401E-BDD9-5FE415DCD5C5}.Debug|x86.ActiveCfg = Debug|Any CPU
		{1631D0DE-A11B-401E-BDD9-5FE415DCD5C5}.Debug|x86.Build.0 = Debug|Any CPU
		{1631D0DE-A11B-401E-BDD9-5FE415DCD5C5}.Release|Any CPU.ActiveCfg = Release|Any CPU
		{1631D0DE-A11B-401E-BDD9-5FE415DCD5C5}.Release|Any CPU.Build.0 = Release|Any CPU
		{1631D0DE-A11B-401E-BDD9-5FE415DCD5C5}.Release|x86.ActiveCfg = Release|x86
		{1631D0DE-A11B-401E-BDD9-5FE415DCD5C5}.Release|x86.Build.0 = Release|x86
		{FDBA0131-14FF-4207-B9D3-824C8AAFA1C8}.Debug|Any CPU.ActiveCfg = Debug|Any CPU
		{FDBA0131-14FF-4207-B9D3-824C8AAFA1C8}.Debug|Any CPU.Build.0 = Debug|Any CPU
		{FDBA0131-14FF-4207-B9D3-824C8AAFA1C8}.Debug|x86.ActiveCfg = Debug|Any CPU
		{FDBA0131-14FF-4207-B9D3-824C8AAFA1C8}.Debug|x86.Build.0 = Debug|Any CPU
		{FDBA0131-14FF-4207-B9D3-824C8AAFA1C8}.Release|Any CPU.ActiveCfg = Release|Any CPU
		{FDBA0131-14FF-4207-B9D3-824C8AAFA1C8}.Release|Any CPU.Build.0 = Release|Any CPU
		{FDBA0131-14FF-4207-B9D3-824C8AAFA1C8}.Release|x86.ActiveCfg = Release|Any CPU
		{FDBA0131-14FF-4207-B9D3-824C8AAFA1C8}.Release|x86.Build.0 = Release|Any CPU
	EndGlobalSection
	GlobalSection(SolutionProperties) = preSolution
		HideSolutionNode = FALSE
	EndGlobalSection
EndGlobal
